
Microsoft Visual Studio Solution File, Format Version 12.00
# Visual Studio Version 17
VisualStudioVersion = 17.9.34701.34
MinimumVisualStudioVersion = 10.0.40219.1
Project("{9A19103F-16F7-4668-BE54-9A1E7A4F7556}") = "matrix-2D", "matrix-2DD\matrix-2D.csproj", "{0AE93601-2FAE-42B6-904F-927E1B10558A}"
EndProject
Project("{9A19103F-16F7-4668-BE54-9A1E7A4F7556}") = "testy", "testy\testy.csproj", "{4F68EF8C-DB37-40A4-8A3A-0263813047F2}"
EndProject
Project("{9A19103F-16F7-4668-BE54-9A1E7A4F7556}") = "przykładowe_programy", "przykładowe_programy\przykładowe_programy.csproj", "{F4224695-123A-4053-BAB1-286E4A2C927F}"
EndProject
Global
	GlobalSection(SolutionConfigurationPlatforms) = preSolution
		Debug|Any CPU = Debug|Any CPU
		Release|Any CPU = Release|Any CPU
	EndGlobalSection
	GlobalSection(ProjectConfigurationPlatforms) = postSolution
		{0AE93601-2FAE-42B6-904F-927E1B10558A}.Debug|Any CPU.ActiveCfg = Debug|Any CPU
		{0AE93601-2FAE-42B6-904F-927E1B10558A}.Debug|Any CPU.Build.0 = Debug|Any CPU
		{0AE93601-2FAE-42B6-904F-927E1B10558A}.Release|Any CPU.ActiveCfg = Release|Any CPU
		{0AE93601-2FAE-42B6-904F-927E1B10558A}.Release|Any CPU.Build.0 = Release|Any CPU
		{4F68EF8C-DB37-40A4-8A3A-0263813047F2}.Debug|Any CPU.ActiveCfg = Debug|Any CPU
		{4F68EF8C-DB37-40A4-8A3A-0263813047F2}.Debug|Any CPU.Build.0 = Debug|Any CPU
		{4F68EF8C-DB37-40A4-8A3A-0263813047F2}.Release|Any CPU.ActiveCfg = Release|Any CPU
		{4F68EF8C-DB37-40A4-8A3A-0263813047F2}.Release|Any CPU.Build.0 = Release|Any CPU
		{F4224695-123A-4053-BAB1-286E4A2C927F}.Debug|Any CPU.ActiveCfg = Debug|Any CPU
		{F4224695-123A-4053-BAB1-286E4A2C927F}.Debug|Any CPU.Build.0 = Debug|Any CPU
		{F4224695-123A-4053-BAB1-286E4A2C927F}.Release|Any CPU.ActiveCfg = Release|Any CPU
		{F4224695-123A-4053-BAB1-286E4A2C927F}.Release|Any CPU.Build.0 = Release|Any CPU
	EndGlobalSection
	GlobalSection(SolutionProperties) = preSolution
		HideSolutionNode = FALSE
	EndGlobalSection
	GlobalSection(ExtensibilityGlobals) = postSolution
		SolutionGuid = {8DFA65CA-19EC-4558-8ACA-A294923F4C28}
	EndGlobalSection
EndGlobal
